# This file is autogenerated, do not edit; changes may be undone by the next 'dep ensure'.


[[projects]]
  branch = "master"
  digest = "1:389cc9c50d51e6b3f63423efff1f3a3ecf4a4fcdccffed1fe12e8c3e71c528df"
  name = "golang.org/x/crypto"
  packages = [
    "blowfish",
    "chacha20",
    "curve25519",
    "curve25519/internal/field",
    "ed25519",
    "ed25519/internal/edwards25519",
    "internal/subtle",
    "poly1305",
    "ssh",
    "ssh/internal/bcrypt_pbkdf",
  ]
  pruneopts = "UT"
  revision = "38f3c27a63bf8d9928ce230b01cab346d1756e88"

[[projects]]
  branch = "master"
  digest = "1:e7e57ded3fe462c374a1b77b0d588564001a2e6d7e4c879e73b5ea40f900ae75"
  name = "golang.org/x/sys"
  packages = [
    "cpu",
    "internal/unsafeheader",
    "plan9",
    "unix",
    "windows",
  ]
  pruneopts = "UT"
  revision = "a76c4d0a0096537dc565908b53073460d96c8539"

[[projects]]
  branch = "master"
  digest = "1:2139ece17c27a692eec3e9484c914549dcfe8bc9a7d54f1af600ab074e2e2155"
  name = "golang.org/x/term"
  packages = ["."]
  pruneopts = "UT"
  revision = "a79de5458b56c188f4fc267a58014ac25fec956a"

[solve-meta]
  analyzer-name = "dep"
  analyzer-version = 1
  input-imports = [
    "golang.org/x/crypto/ssh",
    "golang.org/x/term",
  ]
  solver-name = "gps-cdcl"
  solver-version = 1
